
Microsoft Visual Studio Solution File, Format Version 12.00
# Visual Studio 15
VisualStudioVersion = 15.0.28307.645
MinimumVisualStudioVersion = 10.0.40219.1
Project("{888888A0-9F3D-457C-B088-3A5042F75D52}") = "RenameManager", "RenameManager\RenameManager.pyproj", "{B0935D96-F8C6-4F31-8017-74C1DBE1CB7B}"
EndProject
Global
	GlobalSection(SolutionConfigurationPlatforms) = preSolution
		Debug|Any CPU = Debug|Any CPU
		Release|Any CPU = Release|Any CPU
	EndGlobalSection
	GlobalSection(ProjectConfigurationPlatforms) = postSolution
		{B0935D96-F8C6-4F31-8017-74C1DBE1CB7B}.Debug|Any CPU.ActiveCfg = Debug|Any CPU
		{B0935D96-F8C6-4F31-8017-74C1DBE1CB7B}.Release|Any CPU.ActiveCfg = Release|Any CPU
	EndGlobalSection
	GlobalSection(SolutionProperties) = preSolution
		HideSolutionNode = FALSE
	EndGlobalSection
	GlobalSection(ExtensibilityGlobals) = postSolution
		SolutionGuid = {938EF518-9C7A-4A13-B29F-7574C6B99E91}
	EndGlobalSection
EndGlobal
